
Microsoft Visual Studio Solution File, Format Version 12.00
# Visual Studio Version 17
VisualStudioVersion = 17.2.32519.379
MinimumVisualStudioVersion = 10.0.40219.1
Project("{9A19103F-16F7-4668-BE54-9A1E7A4F7556}") = "registration user", "registration user\registration user.csproj", "{233EF06C-6749-45BF-9B33-260E30A63FA9}"
EndProject
Project("{9A19103F-16F7-4668-BE54-9A1E7A4F7556}") = "user registration uc2", "user registration uc2\user registration uc2.csproj", "{2DE87992-6A4F-43B2-88B9-7B99522C2F34}"
EndProject
Project("{9A19103F-16F7-4668-BE54-9A1E7A4F7556}") = "user registration uc4", "user registration uc4\user registration uc4.csproj", "{A9D6AD44-5FD1-4270-BADE-278A62AAC754}"
EndProject
Project("{9A19103F-16F7-4668-BE54-9A1E7A4F7556}") = "user registration uc5", "user registration uc5\user registration uc5.csproj", "{3D7EFD3A-3673-46A1-A791-3131CDFCD20A}"
EndProject
Global
	GlobalSection(SolutionConfigurationPlatforms) = preSolution
		Debug|Any CPU = Debug|Any CPU
		Release|Any CPU = Release|Any CPU
	EndGlobalSection
	GlobalSection(ProjectConfigurationPlatforms) = postSolution
		{233EF06C-6749-45BF-9B33-260E30A63FA9}.Debug|Any CPU.ActiveCfg = Debug|Any CPU
		{233EF06C-6749-45BF-9B33-260E30A63FA9}.Debug|Any CPU.Build.0 = Debug|Any CPU
		{233EF06C-6749-45BF-9B33-260E30A63FA9}.Release|Any CPU.ActiveCfg = Release|Any CPU
		{233EF06C-6749-45BF-9B33-260E30A63FA9}.Release|Any CPU.Build.0 = Release|Any CPU
		{2DE87992-6A4F-43B2-88B9-7B99522C2F34}.Debug|Any CPU.ActiveCfg = Debug|Any CPU
		{2DE87992-6A4F-43B2-88B9-7B99522C2F34}.Debug|Any CPU.Build.0 = Debug|Any CPU
		{2DE87992-6A4F-43B2-88B9-7B99522C2F34}.Release|Any CPU.ActiveCfg = Release|Any CPU
		{2DE87992-6A4F-43B2-88B9-7B99522C2F34}.Release|Any CPU.Build.0 = Release|Any CPU
		{A9D6AD44-5FD1-4270-BADE-278A62AAC754}.Debug|Any CPU.ActiveCfg = Debug|Any CPU
		{A9D6AD44-5FD1-4270-BADE-278A62AAC754}.Debug|Any CPU.Build.0 = Debug|Any CPU
		{A9D6AD44-5FD1-4270-BADE-278A62AAC754}.Release|Any CPU.ActiveCfg = Release|Any CPU
		{A9D6AD44-5FD1-4270-BADE-278A62AAC754}.Release|Any CPU.Build.0 = Release|Any CPU
		{3D7EFD3A-3673-46A1-A791-3131CDFCD20A}.Debug|Any CPU.ActiveCfg = Debug|Any CPU
		{3D7EFD3A-3673-46A1-A791-3131CDFCD20A}.Debug|Any CPU.Build.0 = Debug|Any CPU
		{3D7EFD3A-3673-46A1-A791-3131CDFCD20A}.Release|Any CPU.ActiveCfg = Release|Any CPU
		{3D7EFD3A-3673-46A1-A791-3131CDFCD20A}.Release|Any CPU.Build.0 = Release|Any CPU
	EndGlobalSection
	GlobalSection(SolutionProperties) = preSolution
		HideSolutionNode = FALSE
	EndGlobalSection
	GlobalSection(ExtensibilityGlobals) = postSolution
		SolutionGuid = {986D47A5-2724-474A-9EF3-C12C806CEA46}
	EndGlobalSection
EndGlobal
